
Microsoft Visual Studio Solution File, Format Version 12.00
# Visual Studio 15
VisualStudioVersion = 15.0.28306.52
MinimumVisualStudioVersion = 10.0.40219.1
Project("{FAE04EC0-301F-11D3-BF4B-00C04F79EFBC}") = "Concorrentes", "Concorrentes\Concorrentes.csproj", "{5C4F4E81-9CE4-4361-8B1C-F2EF7C5D82CE}"
EndProject
Global
	GlobalSection(SolutionConfigurationPlatforms) = preSolution
		Debug|Any CPU = Debug|Any CPU
		Release|Any CPU = Release|Any CPU
	EndGlobalSection
	GlobalSection(ProjectConfigurationPlatforms) = postSolution
		{5C4F4E81-9CE4-4361-8B1C-F2EF7C5D82CE}.Debug|Any CPU.ActiveCfg = Debug|Any CPU
		{5C4F4E81-9CE4-4361-8B1C-F2EF7C5D82CE}.Debug|Any CPU.Build.0 = Debug|Any CPU
		{5C4F4E81-9CE4-4361-8B1C-F2EF7C5D82CE}.Release|Any CPU.ActiveCfg = Release|Any CPU
		{5C4F4E81-9CE4-4361-8B1C-F2EF7C5D82CE}.Release|Any CPU.Build.0 = Release|Any CPU
	EndGlobalSection
	GlobalSection(SolutionProperties) = preSolution
		HideSolutionNode = FALSE
	EndGlobalSection
	GlobalSection(ExtensibilityGlobals) = postSolution
		SolutionGuid = {5B541760-534B-4555-9D12-43DAD1D092B3}
	EndGlobalSection
EndGlobal
